# This file is automatically @generated by Cargo.
# It is not intended for manual editing.
[[package]]
name = "adler32"
version = "1.2.0"
source = "registry+https://github.com/rust-lang/crates.io-index"
checksum = "aae1277d39aeec15cb388266ecc24b11c80469deae6067e17a1a7aa9e5c1f234"

[[package]]
name = "autocfg"
version = "1.0.1"
source = "registry+https://github.com/rust-lang/crates.io-index"
checksum = "cdb031dd78e28731d87d56cc8ffef4a8f36ca26c38fe2de700543e627f8a464a"

[[package]]
name = "bitflags"
version = "1.2.1"
source = "registry+https://github.com/rust-lang/crates.io-index"
checksum = "cf1de2fe8c75bc145a2f577add951f8134889b4795d47466a54a5c846d691693"

[[package]]
name = "byteorder"
version = "1.3.4"
source = "registry+https://github.com/rust-lang/crates.io-index"
checksum = "08c48aae112d48ed9f069b33538ea9e3e90aa263cfa3d1c24309612b1f7472de"

[[package]]
name = "cc"
version = "1.0.59"
source = "registry+https://github.com/rust-lang/crates.io-index"
checksum = "66120af515773fb005778dc07c261bd201ec8ce50bd6e7144c927753fe013381"

[[package]]
name = "cfg-if"
version = "0.1.10"
source = "registry+https://github.com/rust-lang/crates.io-index"
checksum = "4785bdd1c96b2a846b2bd7cc02e86b6b3dbf14e7e53446c4f54c92a361040822"

[[package]]
name = "crc32fast"
version = "1.2.0"
source = "registry+https://github.com/rust-lang/crates.io-index"
checksum = "ba125de2af0df55319f41944744ad91c71113bf74a4646efff39afe1f6842db1"
dependencies = [
 "cfg-if",
]

[[package]]
name = "deflate"
version = "0.7.20"
source = "registry+https://github.com/rust-lang/crates.io-index"
checksum = "707b6a7b384888a70c8d2e8650b3e60170dfc6a67bb4aa67b6dfca57af4bedb4"
dependencies = [
 "adler32",
 "byteorder",
]

[[package]]
name = "glam"
version = "0.8.7"
source = "registry+https://github.com/rust-lang/crates.io-index"
checksum = "b00572b5b10070ac495be20a25b4c8d379d20bcdec8ea0c870022b620ec79b20"

[[package]]
name = "image"
version = "0.22.5"
source = "registry+https://github.com/rust-lang/crates.io-index"
checksum = "08ed2ada878397b045454ac7cfb011d73132c59f31a955d230bd1f1c2e68eb4a"
dependencies = [
 "byteorder",
 "num-iter",
 "num-rational",
 "num-traits",
 "png",
]

[[package]]
name = "inflate"
version = "0.4.5"
source = "registry+https://github.com/rust-lang/crates.io-index"
checksum = "1cdb29978cc5797bd8dcc8e5bf7de604891df2a8dc576973d71a281e916db2ff"
dependencies = [
 "adler32",
]

[[package]]
name = "libc"
version = "0.2.76"
source = "registry+https://github.com/rust-lang/crates.io-index"
checksum = "755456fae044e6fa1ebbbd1b3e902ae19e73097ed4ed87bb79934a867c007bc3"

[[package]]
name = "miniquad"
version = "0.3.0-alpha.13"
source = "registry+https://github.com/rust-lang/crates.io-index"
checksum = "6d79a083ea2eb96633db8987da0079147442161b13f75d9881fa0bcda980955c"
dependencies = [
 "sapp-android",
 "sapp-darwin",
 "sapp-dummy",
 "sapp-ios",
 "sapp-linux",
 "sapp-wasm",
 "sapp-windows",
]

[[package]]
name = "num-integer"
version = "0.1.43"
source = "registry+https://github.com/rust-lang/crates.io-index"
checksum = "8d59457e662d541ba17869cf51cf177c0b5f0cbf476c66bdc90bf1edac4f875b"
dependencies = [
 "autocfg",
 "num-traits",
]

[[package]]
name = "num-iter"
version = "0.1.41"
source = "registry+https://github.com/rust-lang/crates.io-index"
checksum = "7a6e6b7c748f995c4c29c5f5ae0248536e04a5739927c74ec0fa564805094b9f"
dependencies = [
 "autocfg",
 "num-integer",
 "num-traits",
]

[[package]]
name = "num-rational"
version = "0.2.4"
source = "registry+https://github.com/rust-lang/crates.io-index"
checksum = "5c000134b5dbf44adc5cb772486d335293351644b801551abe8f75c84cfa4aef"
dependencies = [
 "autocfg",
 "num-integer",
 "num-traits",
]

[[package]]
name = "num-traits"
version = "0.2.12"
source = "registry+https://github.com/rust-lang/crates.io-index"
checksum = "ac267bcc07f48ee5f8935ab0d24f316fb722d7a1292e2913f0cc196b29ffd611"
dependencies = [
 "autocfg",
]

[[package]]
name = "png"
version = "0.15.3"
source = "registry+https://github.com/rust-lang/crates.io-index"
checksum = "ef859a23054bbfee7811284275ae522f0434a3c8e7f4b74bd4a35ae7e1c4a283"
dependencies = [
 "bitflags",
 "crc32fast",
 "deflate",
 "inflate",
]

[[package]]
name = "quad-gl"
version = "0.2.3"
dependencies = [
 "glam",
 "image",
 "miniquad",
]

[[package]]
name = "sapp-android"
version = "0.1.1"
source = "registry+https://github.com/rust-lang/crates.io-index"
checksum = "d5547ac47995d3c38e80f1ee5b0794c04090e67f6703878fb0008539a91dbc70"
dependencies = [
 "cc",
 "libc",
]

[[package]]
name = "sapp-darwin"
version = "0.1.2"
source = "registry+https://github.com/rust-lang/crates.io-index"
checksum = "011e764a379302de761892ad9a0de6e5d612146423b39ddee125fb1cb2ffcb73"
dependencies = [
 "cc",
 "libc",
]

[[package]]
name = "sapp-dummy"
version = "0.1.3"
source = "registry+https://github.com/rust-lang/crates.io-index"
checksum = "844086b04fc920b4b604af0bb6ffc5c3b43dbb4fe94fd6f532c41a391e12f717"
dependencies = [
 "libc",
]

[[package]]
name = "sapp-ios"
version = "0.1.0"
source = "registry+https://github.com/rust-lang/crates.io-index"
checksum = "b0984c8ba4ce61891faaee70ada810da57a17a5690bc29a86770f885cf389090"
dependencies = [
 "cc",
 "libc",
]

[[package]]
name = "sapp-linux"
version = "0.1.8"
source = "registry+https://github.com/rust-lang/crates.io-index"
checksum = "1f375ce42d40696ab27c5cbf410580e991ebf520cb7eb085df1b73c17bf53a69"
dependencies = [
 "libc",
]

[[package]]
name = "sapp-wasm"
version = "0.1.18"
source = "registry+https://github.com/rust-lang/crates.io-index"
checksum = "a4bc4bc1e5193e62ef8f3185a82d0e0416581b67d9ae0f02ef53c9ad54653689"

[[package]]
name = "sapp-windows"
version = "0.2.9"
source = "registry+https://github.com/rust-lang/crates.io-index"
checksum = "68e7ace3bb21c750c1a47fb97a39e41d7cd795ab16c9a2da7103255a862d623f"
dependencies = [
 "cc",
 "libc",
]
